{
  "originHash" : "0c75cf16b74d20f28b6562783c79fee4937d6057f2ff35c706c10cde8e0e737f",
  "pins" : [
    {
      "identity" : "alamofire",
      "kind" : "remoteSourceControl",
      "location" : "https://github.com/Alamofire/Alamofire.git",
      "state" : {
        "revision" : "f455c2975872ccd2d9c81594c658af65716e9b9a",
        "version" : "5.9.1"
      }
    },
    {
      "identity" : "capstonecore",
      "kind" : "remoteSourceControl",
      "location" : "https://github.com/fepriyadi/CapstoneCore.git",
      "state" : {
        "branch" : "main",
        "revision" : "3f2cf58b01643c30e34d9aae774aaba8ab5b4f68"
      }
    },
    {
      "identity" : "realm-core",
      "kind" : "remoteSourceControl",
      "location" : "https://github.com/realm/realm-core.git",
      "state" : {
        "revision" : "f889f79a2301208fd9d322d07abfc883b8f2046c",
        "version" : "14.10.2"
      }
    },
    {
      "identity" : "realm-swift",
      "kind" : "remoteSourceControl",
      "location" : "https://github.com/realm/realm-swift.git",
      "state" : {
        "branch" : "master",
        "revision" : "2fd2e3f121920bb23e3fbb8e5c61c40089c5b4aa"
      }
    }
  ],
  "version" : 3
}
